
Microsoft Visual Studio Solution File, Format Version 12.00
# Visual Studio Version 17
VisualStudioVersion = 17.0.31919.166
MinimumVisualStudioVersion = 10.0.40219.1
Project("{FAE04EC0-301F-11D3-BF4B-00C04F79EFBC}") = "lab4_ex4", "lab4_ex4\lab4_ex4.csproj", "{97A0E436-C750-4336-AB48-FABF2553C492}"
EndProject
Global
	GlobalSection(SolutionConfigurationPlatforms) = preSolution
		Debug|Any CPU = Debug|Any CPU
		Release|Any CPU = Release|Any CPU
	EndGlobalSection
	GlobalSection(ProjectConfigurationPlatforms) = postSolution
		{97A0E436-C750-4336-AB48-FABF2553C492}.Debug|Any CPU.ActiveCfg = Debug|Any CPU
		{97A0E436-C750-4336-AB48-FABF2553C492}.Debug|Any CPU.Build.0 = Debug|Any CPU
		{97A0E436-C750-4336-AB48-FABF2553C492}.Release|Any CPU.ActiveCfg = Release|Any CPU
		{97A0E436-C750-4336-AB48-FABF2553C492}.Release|Any CPU.Build.0 = Release|Any CPU
	EndGlobalSection
	GlobalSection(SolutionProperties) = preSolution
		HideSolutionNode = FALSE
	EndGlobalSection
	GlobalSection(ExtensibilityGlobals) = postSolution
		SolutionGuid = {A97EB7EC-6508-4B2C-B1AD-38519D894EB0}
	EndGlobalSection
EndGlobal
